
Microsoft Visual Studio Solution File, Format Version 12.00
Project("{FAE04EC0-301F-11D3-BF4B-00C04F79EFBC}") = "OOP", "OOP.csproj", "{D6DC8796-724A-4565-A633-A4A4532F847E}"
EndProject
Global
	GlobalSection(SolutionConfigurationPlatforms) = preSolution
		Debug|Any CPU = Debug|Any CPU
		Release|Any CPU = Release|Any CPU
	EndGlobalSection
	GlobalSection(ProjectConfigurationPlatforms) = postSolution
		{D6DC8796-724A-4565-A633-A4A4532F847E}.Debug|Any CPU.ActiveCfg = Debug|Any CPU
		{D6DC8796-724A-4565-A633-A4A4532F847E}.Debug|Any CPU.Build.0 = Debug|Any CPU
		{D6DC8796-724A-4565-A633-A4A4532F847E}.Release|Any CPU.ActiveCfg = Release|Any CPU
		{D6DC8796-724A-4565-A633-A4A4532F847E}.Release|Any CPU.Build.0 = Release|Any CPU
	EndGlobalSection
EndGlobal
